
Microsoft Visual Studio Solution File, Format Version 12.00
# Visual Studio Version 16
VisualStudioVersion = 16.0.30804.86
MinimumVisualStudioVersion = 10.0.40219.1
Project("{FAE04EC0-301F-11D3-BF4B-00C04F79EFBC}") = "Actividad Operación matematica", "Actividad Operación matematica\Actividad Operación matematica.csproj", "{5CBCEDC8-F1D4-4F88-A758-58DC7BA6798A}"
EndProject
Global
	GlobalSection(SolutionConfigurationPlatforms) = preSolution
		Debug|Any CPU = Debug|Any CPU
		Release|Any CPU = Release|Any CPU
	EndGlobalSection
	GlobalSection(ProjectConfigurationPlatforms) = postSolution
		{5CBCEDC8-F1D4-4F88-A758-58DC7BA6798A}.Debug|Any CPU.ActiveCfg = Debug|Any CPU
		{5CBCEDC8-F1D4-4F88-A758-58DC7BA6798A}.Debug|Any CPU.Build.0 = Debug|Any CPU
		{5CBCEDC8-F1D4-4F88-A758-58DC7BA6798A}.Release|Any CPU.ActiveCfg = Release|Any CPU
		{5CBCEDC8-F1D4-4F88-A758-58DC7BA6798A}.Release|Any CPU.Build.0 = Release|Any CPU
	EndGlobalSection
	GlobalSection(SolutionProperties) = preSolution
		HideSolutionNode = FALSE
	EndGlobalSection
	GlobalSection(ExtensibilityGlobals) = postSolution
		SolutionGuid = {8A753C55-C233-4044-8E2C-D8B512A36D95}
	EndGlobalSection
EndGlobal
